<?xml version="1.0" encoding="utf-8"?>
<Project ToolsVersion="4.0" xmlns="http://schemas.microsoft.com/developer/msbuild/2003">
  <ItemGroup>
    <Filter Include="Source Files">
      <UniqueIdentifier>{4FC737F1-C7A5-4376-A066-2A32D752A2FF}</UniqueIdentifier>
      <Extensions>cpp;c;cc;cxx;c++;cppm;ixx;def;odl;idl;hpj;bat;asm;asmx</Extensions>
    </Filter>
    <Filter Include="Header Files">
      <UniqueIdentifier>{93995380-89BD-4b04-88EB-625FBE52EBFB}</UniqueIdentifier>
      <Extensions>h;hh;hpp;hxx;h++;hm;inl;inc;ipp;xsd</Extensions>
    </Filter>
    <Filter Include="Resource Files">
      <UniqueIdentifier>{67DA6AB6-F800-4c08-8B7A-83BB121AAD01}</UniqueIdentifier>
      <Extensions>rc;ico;cur;bmp;dlg;rc2;rct;bin;rgs;gif;jpg;jpeg;jpe;resx;tiff;tif;png;wav;mfcribbon-ms</Extensions>
    </Filter>
    <Filter Include="Source Files\Wave">
      <UniqueIdentifier>{2d98a67b-7b7a-4ce6-a85e-efd4e7fac5d5}</UniqueIdentifier>
    </Filter>
    <Filter Include="Header Files\Wave">
      <UniqueIdentifier>{cab72a71-3ed3-4e9f-ad86-ef32b5600586}</UniqueIdentifier>
    </Filter>
  </ItemGroup>
  <ItemGroup>
    <ClCompile Include="src\visualization\camera.cpp">
      <Filter>Source Files</Filter>
    </ClCompile>
    <ClCompile Include="src\simulation\amplitudeGrid.cpp">
      <Filter>Source Files\Wave</Filter>
    </ClCompile>
    <ClCompile Include="src\simulation\grid.cpp">
      <Filter>Source Files</Filter>
    </ClCompile>
    <ClCompile Include="src\simulation\profileBuffer.cpp">
      <Filter>Source Files</Filter>
    </ClCompile>
    <ClCompile Include="..\vendor\glad\src\glad.c">
      <Filter>Source Files</Filter>
    </ClCompile>
    <ClCompile Include="src\application\window.cpp">
      <Filter>Source Files</Filter>
    </ClCompile>
    <ClCompile Include="..\vendor\imgui\backends\imgui_impl_glfw.cpp">
      <Filter>Source Files</Filter>
    </ClCompile>
    <ClCompile Include="..\vendor\imgui\backends\imgui_impl_opengl3.cpp">
      <Filter>Source Files</Filter>
    </ClCompile>
    <ClCompile Include="..\vendor\imgui\imgui.cpp">
      <Filter>Source Files</Filter>
    </ClCompile>
    <ClCompile Include="..\vendor\imgui\imgui_demo.cpp">
      <Filter>Source Files</Filter>
    </ClCompile>
    <ClCompile Include="..\vendor\imgui\imgui_draw.cpp">
      <Filter>Source Files</Filter>
    </ClCompile>
    <ClCompile Include="..\vendor\imgui\imgui_tables.cpp">
      <Filter>Source Files</Filter>
    </ClCompile>
    <ClCompile Include="..\vendor\imgui\imgui_widgets.cpp">
      <Filter>Source Files</Filter>
    </ClCompile>
    <ClCompile Include="src\application\application.cpp">
      <Filter>Source Files</Filter>
    </ClCompile>
    <ClCompile Include="src\application\components\component.cpp">
      <Filter>Source Files</Filter>
    </ClCompile>
    <ClCompile Include="src\application\components\ImGuiComponent.cpp">
      <Filter>Source Files</Filter>
    </ClCompile>
    <ClCompile Include="src\application\components\visualizationComponent.cpp">
      <Filter>Source Files</Filter>
    </ClCompile>
    <ClCompile Include="src\visualization\meshes\mesh.cpp">
      <Filter>Source Files</Filter>
    </ClCompile>
    <ClCompile Include="src\visualization\meshes\waterMesh.cpp">
      <Filter>Source Files</Filter>
    </ClCompile>
    <ClCompile Include="src\visualization\objects\object.cpp">
      <Filter>Source Files</Filter>
    </ClCompile>
    <ClCompile Include="src\visualization\objects\skybox.cpp">
      <Filter>Source Files</Filter>
    </ClCompile>
    <ClCompile Include="src\visualization\objects\water.cpp">
      <Filter>Source Files</Filter>
    </ClCompile>
    <ClCompile Include="src\visualization\shaders\shader.cpp">
      <Filter>Source Files</Filter>
    </ClCompile>
    <ClCompile Include="src\visualization\shaders\waterShader.cpp">
      <Filter>Source Files</Filter>
    </ClCompile>
    <ClCompile Include="src\application\components\simulationComponent.cpp">
      <Filter>Source Files</Filter>
    </ClCompile>
    <ClCompile Include="src\AppTest.cpp">
      <Filter>Source Files</Filter>
    </ClCompile>
    <ClCompile Include="src\simulation\shaders\timeStepCompute.cpp">
      <Filter>Source Files</Filter>
    </ClCompile>
    <ClCompile Include="src\utils\shaderBase.cpp">
      <Filter>Source Files</Filter>
    </ClCompile>
    <ClCompile Include="src\simulation\shaders\disturbanceCompute.cpp">
      <Filter>Source Files</Filter>
    </ClCompile>
    <ClCompile Include="src\simulation\shaders\profileCompute.cpp">
      <Filter>Source Files</Filter>
    </ClCompile>
  </ItemGroup>
  <ItemGroup>
    <ClInclude Include="src\visualization\camera.h">
      <Filter>Header Files</Filter>
    </ClInclude>
    <ClInclude Include="src\simulation\amplitudeGrid.h">
      <Filter>Header Files\Wave</Filter>
    </ClInclude>
    <ClInclude Include="src\simulation\grid.h">
      <Filter>Header Files\Wave</Filter>
    </ClInclude>
    <ClInclude Include="src\math\integration.h">
      <Filter>Header Files</Filter>
    </ClInclude>
    <ClInclude Include="src\simulation\profileBuffer.h">
      <Filter>Header Files</Filter>
    </ClInclude>
    <ClInclude Include="src\application\window.h">
      <Filter>Header Files</Filter>
    </ClInclude>
    <ClInclude Include="src\application\GlDebug.h">
      <Filter>Header Files</Filter>
    </ClInclude>
    <ClInclude Include="src\application\application.h">
      <Filter>Header Files</Filter>
    </ClInclude>
    <ClInclude Include="src\application\components\component.h">
      <Filter>Header Files</Filter>
    </ClInclude>
    <ClInclude Include="src\application\components\ImGuiComponent.h">
      <Filter>Header Files</Filter>
    </ClInclude>
    <ClInclude Include="src\application\components\visualizationComponent.h">
      <Filter>Header Files</Filter>
    </ClInclude>
    <ClInclude Include="src\visualization\meshes\mesh.h">
      <Filter>Header Files</Filter>
    </ClInclude>
    <ClInclude Include="src\visualization\meshes\waterMesh.h">
      <Filter>Header Files</Filter>
    </ClInclude>
    <ClInclude Include="src\visualization\objects\object.h">
      <Filter>Header Files</Filter>
    </ClInclude>
    <ClInclude Include="src\visualization\objects\skybox.h">
      <Filter>Header Files</Filter>
    </ClInclude>
    <ClInclude Include="src\visualization\objects\water.h">
      <Filter>Header Files</Filter>
    </ClInclude>
    <ClInclude Include="src\visualization\shaders\shader.h">
      <Filter>Header Files</Filter>
    </ClInclude>
    <ClInclude Include="src\visualization\shaders\waterShader.h">
      <Filter>Header Files</Filter>
    </ClInclude>
    <ClInclude Include="src\application\components\simulationComponent.h">
      <Filter>Header Files</Filter>
    </ClInclude>
    <ClInclude Include="src\simulation\shaders\timeStepCompute.h">
      <Filter>Header Files</Filter>
    </ClInclude>
    <ClInclude Include="src\utils\shaderBase.h">
      <Filter>Header Files</Filter>
    </ClInclude>
    <ClInclude Include="src\simulation\shaders\disturbanceCompute.h">
      <Filter>Header Files</Filter>
    </ClInclude>
    <ClInclude Include="src\simulation\shaders\profileCompute.h">
      <Filter>Header Files</Filter>
    </ClInclude>
  </ItemGroup>
  <ItemGroup>
    <None Include="assets\shaders\skybox.frag" />
    <None Include="assets\shaders\skybox.vert" />
    <None Include="assets\shaders\standard.frag" />
    <None Include="assets\shaders\standard.vert" />
    <None Include="assets\shaders\water.frag" />
    <None Include="assets\shaders\water.vert" />
    <None Include="assets\shaders\advection.comp" />
    <None Include="assets\shaders\diffusion.comp" />
    <None Include="assets\shaders\disturbance.comp" />
    <None Include="assets\shaders\profile.comp" />
  </ItemGroup>
  <ItemGroup>
    <Image Include="textures\skybox\back.jpg">
      <Filter>Resource Files</Filter>
    </Image>
    <Image Include="textures\skybox\bottom.jpg">
      <Filter>Resource Files</Filter>
    </Image>
    <Image Include="textures\skybox\front.jpg">
      <Filter>Resource Files</Filter>
    </Image>
    <Image Include="textures\skybox\left.jpg">
      <Filter>Resource Files</Filter>
    </Image>
    <Image Include="textures\skybox\top.jpg">
      <Filter>Resource Files</Filter>
    </Image>
    <Image Include="textures\skybox\right.jpg">
      <Filter>Resource Files</Filter>
    </Image>
  </ItemGroup>
</Project>